
Microsoft Visual Studio Solution File, Format Version 12.00
# Visual Studio Version 17
VisualStudioVersion = 17.7.34221.43
MinimumVisualStudioVersion = 10.0.40219.1
Project("{2150E333-8FDC-42A3-9474-1A3956D46DE8}") = "App", "App", "{F9A80C93-0502-4305-8D30-70945603878D}"
EndProject
Project("{9A19103F-16F7-4668-BE54-9A1E7A4F7556}") = "Pizzeria.Core", "Pizzeria.Core\Pizzeria.Core.csproj", "{CD3703C5-91B3-4938-AA53-952D07EFA0EA}"
EndProject
Global
	GlobalSection(SolutionConfigurationPlatforms) = preSolution
		Debug|Any CPU = Debug|Any CPU
		Release|Any CPU = Release|Any CPU
	EndGlobalSection
	GlobalSection(ProjectConfigurationPlatforms) = postSolution
		{CD3703C5-91B3-4938-AA53-952D07EFA0EA}.Debug|Any CPU.ActiveCfg = Debug|Any CPU
		{CD3703C5-91B3-4938-AA53-952D07EFA0EA}.Debug|Any CPU.Build.0 = Debug|Any CPU
		{CD3703C5-91B3-4938-AA53-952D07EFA0EA}.Release|Any CPU.ActiveCfg = Release|Any CPU
		{CD3703C5-91B3-4938-AA53-952D07EFA0EA}.Release|Any CPU.Build.0 = Release|Any CPU
	EndGlobalSection
	GlobalSection(SolutionProperties) = preSolution
		HideSolutionNode = FALSE
	EndGlobalSection
	GlobalSection(NestedProjects) = preSolution
		{CD3703C5-91B3-4938-AA53-952D07EFA0EA} = {F9A80C93-0502-4305-8D30-70945603878D}
	EndGlobalSection
	GlobalSection(ExtensibilityGlobals) = postSolution
		SolutionGuid = {0D641C11-384B-44CB-80BB-2D61B3C6EEFD}
	EndGlobalSection
EndGlobal
